
Microsoft Visual Studio Solution File, Format Version 12.00
# Visual Studio Version 17
VisualStudioVersion = 17.14.36414.22
MinimumVisualStudioVersion = 10.0.40219.1
Project("{2150E333-8FDC-42A3-9474-1A3956D46DE8}") = "src", "src", "{02EA681E-C7D8-13C7-8484-4AC65E1B71E8}"
EndProject
Project("{2150E333-8FDC-42A3-9474-1A3956D46DE8}") = "shared", "shared", "{3565C739-BC06-4A1D-95CD-799EF69B633F}"
EndProject
Project("{FAE04EC0-301F-11D3-BF4B-00C04F79EFBC}") = "Jarvis.ServiceDefaults", "Jarvis.ServiceDefaults\Jarvis.ServiceDefaults.csproj", "{E851982F-C11E-417B-A722-9856C05623B1}"
EndProject
Project("{2150E333-8FDC-42A3-9474-1A3956D46DE8}") = "aspire", "aspire", "{E881A937-610B-49A4-9AFA-C214AEAA139C}"
EndProject
Project("{FAE04EC0-301F-11D3-BF4B-00C04F79EFBC}") = "Jarvis.Aspire.App", "Jarvis.Aspire.App\Jarvis.Aspire.App.csproj", "{0C45DE01-BCFA-475F-8272-B45B3BAFEBCD}"
EndProject
Project("{2150E333-8FDC-42A3-9474-1A3956D46DE8}") = "dashboard", "dashboard", "{D2E0F228-9A96-440B-83C2-18ABBDE0456F}"
EndProject
Project("{54A90642-561A-4BB1-A94E-469ADEE60C69}") = "jarvis-dashboard", "jarvis-dashboard\jarvis-dashboard.esproj", "{4E2F057E-288A-8B1F-019E-29D1D842912C}"
EndProject
Global
	GlobalSection(SolutionConfigurationPlatforms) = preSolution
		Debug|Any CPU = Debug|Any CPU
		Release|Any CPU = Release|Any CPU
	EndGlobalSection
	GlobalSection(ProjectConfigurationPlatforms) = postSolution
		{E851982F-C11E-417B-A722-9856C05623B1}.Debug|Any CPU.ActiveCfg = Debug|Any CPU
		{E851982F-C11E-417B-A722-9856C05623B1}.Debug|Any CPU.Build.0 = Debug|Any CPU
		{E851982F-C11E-417B-A722-9856C05623B1}.Release|Any CPU.ActiveCfg = Release|Any CPU
		{E851982F-C11E-417B-A722-9856C05623B1}.Release|Any CPU.Build.0 = Release|Any CPU
		{0C45DE01-BCFA-475F-8272-B45B3BAFEBCD}.Debug|Any CPU.ActiveCfg = Debug|Any CPU
		{0C45DE01-BCFA-475F-8272-B45B3BAFEBCD}.Debug|Any CPU.Build.0 = Debug|Any CPU
		{0C45DE01-BCFA-475F-8272-B45B3BAFEBCD}.Release|Any CPU.ActiveCfg = Release|Any CPU
		{0C45DE01-BCFA-475F-8272-B45B3BAFEBCD}.Release|Any CPU.Build.0 = Release|Any CPU
		{4E2F057E-288A-8B1F-019E-29D1D842912C}.Debug|Any CPU.ActiveCfg = Debug|Any CPU
		{4E2F057E-288A-8B1F-019E-29D1D842912C}.Debug|Any CPU.Build.0 = Debug|Any CPU
		{4E2F057E-288A-8B1F-019E-29D1D842912C}.Debug|Any CPU.Deploy.0 = Debug|Any CPU
		{4E2F057E-288A-8B1F-019E-29D1D842912C}.Release|Any CPU.ActiveCfg = Release|Any CPU
		{4E2F057E-288A-8B1F-019E-29D1D842912C}.Release|Any CPU.Build.0 = Release|Any CPU
		{4E2F057E-288A-8B1F-019E-29D1D842912C}.Release|Any CPU.Deploy.0 = Release|Any CPU
	EndGlobalSection
	GlobalSection(SolutionProperties) = preSolution
		HideSolutionNode = FALSE
	EndGlobalSection
	GlobalSection(NestedProjects) = preSolution
		{3565C739-BC06-4A1D-95CD-799EF69B633F} = {02EA681E-C7D8-13C7-8484-4AC65E1B71E8}
		{E851982F-C11E-417B-A722-9856C05623B1} = {3565C739-BC06-4A1D-95CD-799EF69B633F}
		{E881A937-610B-49A4-9AFA-C214AEAA139C} = {02EA681E-C7D8-13C7-8484-4AC65E1B71E8}
		{0C45DE01-BCFA-475F-8272-B45B3BAFEBCD} = {E881A937-610B-49A4-9AFA-C214AEAA139C}
		{D2E0F228-9A96-440B-83C2-18ABBDE0456F} = {02EA681E-C7D8-13C7-8484-4AC65E1B71E8}
		{4E2F057E-288A-8B1F-019E-29D1D842912C} = {D2E0F228-9A96-440B-83C2-18ABBDE0456F}
	EndGlobalSection
	GlobalSection(ExtensibilityGlobals) = postSolution
		SolutionGuid = {2EEFD718-3BF6-49EA-8B66-445123C7E92E}
	EndGlobalSection
EndGlobal
