
Microsoft Visual Studio Solution File, Format Version 12.00
# Visual Studio Version 17
VisualStudioVersion = 17.14.36414.22
MinimumVisualStudioVersion = 10.0.40219.1
Project("{2150E333-8FDC-42A3-9474-1A3956D46DE8}") = "src", "src", "{02EA681E-C7D8-13C7-8484-4AC65E1B71E8}"
EndProject
Project("{2150E333-8FDC-42A3-9474-1A3956D46DE8}") = "aspire", "aspire", "{E881A937-610B-49A4-9AFA-C214AEAA139C}"
EndProject
Project("{2150E333-8FDC-42A3-9474-1A3956D46DE8}") = "dashboard", "dashboard", "{D2E0F228-9A96-440B-83C2-18ABBDE0456F}"
EndProject
Project("{FAE04EC0-301F-11D3-BF4B-00C04F79EFBC}") = "Jarvis.Aspire.App", "src\aspire\Jarvis.Aspire.App\Jarvis.Aspire.App.csproj", "{F228EC2F-94BA-6348-8CB0-499A4A766D3D}"
EndProject
Project("{FAE04EC0-301F-11D3-BF4B-00C04F79EFBC}") = "Jarvis.Aspire.ServiceDefaults", "src\aspire\Jarvis.Aspire.ServiceDefaults\Jarvis.Aspire.ServiceDefaults.csproj", "{2D504B3D-A72F-4067-AFA9-A75AD979323F}"
EndProject
Project("{54A90642-561A-4BB1-A94E-469ADEE60C69}") = "jarvis-dashboard", "src\frontend\jarvis-dashboard\jarvis-dashboard.esproj", "{DF721F55-0E03-129A-6E21-088ECC211CAB}"
EndProject
Global
	GlobalSection(SolutionConfigurationPlatforms) = preSolution
		Debug|Any CPU = Debug|Any CPU
		Release|Any CPU = Release|Any CPU
	EndGlobalSection
	GlobalSection(ProjectConfigurationPlatforms) = postSolution
		{F228EC2F-94BA-6348-8CB0-499A4A766D3D}.Debug|Any CPU.ActiveCfg = Debug|Any CPU
		{F228EC2F-94BA-6348-8CB0-499A4A766D3D}.Debug|Any CPU.Build.0 = Debug|Any CPU
		{F228EC2F-94BA-6348-8CB0-499A4A766D3D}.Release|Any CPU.ActiveCfg = Release|Any CPU
		{F228EC2F-94BA-6348-8CB0-499A4A766D3D}.Release|Any CPU.Build.0 = Release|Any CPU
		{2D504B3D-A72F-4067-AFA9-A75AD979323F}.Debug|Any CPU.ActiveCfg = Debug|Any CPU
		{2D504B3D-A72F-4067-AFA9-A75AD979323F}.Debug|Any CPU.Build.0 = Debug|Any CPU
		{2D504B3D-A72F-4067-AFA9-A75AD979323F}.Release|Any CPU.ActiveCfg = Release|Any CPU
		{2D504B3D-A72F-4067-AFA9-A75AD979323F}.Release|Any CPU.Build.0 = Release|Any CPU
		{DF721F55-0E03-129A-6E21-088ECC211CAB}.Debug|Any CPU.ActiveCfg = Debug|Any CPU
		{DF721F55-0E03-129A-6E21-088ECC211CAB}.Debug|Any CPU.Build.0 = Debug|Any CPU
		{DF721F55-0E03-129A-6E21-088ECC211CAB}.Debug|Any CPU.Deploy.0 = Debug|Any CPU
		{DF721F55-0E03-129A-6E21-088ECC211CAB}.Release|Any CPU.ActiveCfg = Release|Any CPU
		{DF721F55-0E03-129A-6E21-088ECC211CAB}.Release|Any CPU.Build.0 = Release|Any CPU
		{DF721F55-0E03-129A-6E21-088ECC211CAB}.Release|Any CPU.Deploy.0 = Release|Any CPU
	EndGlobalSection
	GlobalSection(SolutionProperties) = preSolution
		HideSolutionNode = FALSE
	EndGlobalSection
	GlobalSection(NestedProjects) = preSolution
		{E881A937-610B-49A4-9AFA-C214AEAA139C} = {02EA681E-C7D8-13C7-8484-4AC65E1B71E8}
		{D2E0F228-9A96-440B-83C2-18ABBDE0456F} = {02EA681E-C7D8-13C7-8484-4AC65E1B71E8}
		{F228EC2F-94BA-6348-8CB0-499A4A766D3D} = {E881A937-610B-49A4-9AFA-C214AEAA139C}
		{2D504B3D-A72F-4067-AFA9-A75AD979323F} = {E881A937-610B-49A4-9AFA-C214AEAA139C}
		{DF721F55-0E03-129A-6E21-088ECC211CAB} = {D2E0F228-9A96-440B-83C2-18ABBDE0456F}
	EndGlobalSection
	GlobalSection(ExtensibilityGlobals) = postSolution
		SolutionGuid = {2EEFD718-3BF6-49EA-8B66-445123C7E92E}
	EndGlobalSection
EndGlobal
